
Microsoft Visual Studio Solution File, Format Version 12.00
# Visual Studio Version 16
VisualStudioVersion = 16.0.30204.135
MinimumVisualStudioVersion = 10.0.40219.1
Project("{FAE04EC0-301F-11D3-BF4B-00C04F79EFBC}") = "ShortestPathArray", "shortest-path-array\ShortestPathArray.csproj", "{9842D80B-9329-4382-B38A-CB29CA8A97BA}"
EndProject
Project("{FAE04EC0-301F-11D3-BF4B-00C04F79EFBC}") = "ShortestPathUnitTests", "ShortestPathUnitTests\ShortestPathUnitTests.csproj", "{39501AC7-B7CB-467D-A6CA-495ACEF44BCC}"
EndProject
Global
	GlobalSection(SolutionConfigurationPlatforms) = preSolution
		Debug|Any CPU = Debug|Any CPU
		Release|Any CPU = Release|Any CPU
	EndGlobalSection
	GlobalSection(ProjectConfigurationPlatforms) = postSolution
		{9842D80B-9329-4382-B38A-CB29CA8A97BA}.Debug|Any CPU.ActiveCfg = Debug|Any CPU
		{9842D80B-9329-4382-B38A-CB29CA8A97BA}.Debug|Any CPU.Build.0 = Debug|Any CPU
		{9842D80B-9329-4382-B38A-CB29CA8A97BA}.Release|Any CPU.ActiveCfg = Release|Any CPU
		{9842D80B-9329-4382-B38A-CB29CA8A97BA}.Release|Any CPU.Build.0 = Release|Any CPU
		{39501AC7-B7CB-467D-A6CA-495ACEF44BCC}.Debug|Any CPU.ActiveCfg = Debug|Any CPU
		{39501AC7-B7CB-467D-A6CA-495ACEF44BCC}.Debug|Any CPU.Build.0 = Debug|Any CPU
		{39501AC7-B7CB-467D-A6CA-495ACEF44BCC}.Release|Any CPU.ActiveCfg = Release|Any CPU
		{39501AC7-B7CB-467D-A6CA-495ACEF44BCC}.Release|Any CPU.Build.0 = Release|Any CPU
	EndGlobalSection
	GlobalSection(SolutionProperties) = preSolution
		HideSolutionNode = FALSE
	EndGlobalSection
	GlobalSection(ExtensibilityGlobals) = postSolution
		SolutionGuid = {90724F2B-599B-4BD4-81B0-6C25639A9514}
	EndGlobalSection
EndGlobal
